# THIS IS AN AUTOGENERATED FILE. DO NOT EDIT THIS FILE DIRECTLY.
# yarn lockfile v1


commander@^2.20.3:
  version "2.20.3"
  resolved "https://registry.yarnpkg.com/commander/-/commander-2.20.3.tgz#fd485e84c03eb4881c20722ba48035e8531aeb33"
  integrity sha512-GpVkmM8vF2vQUkj2LvZmD35JxeJOLCwJ9cUkugyk2nuhbv3+mJvpLYYt+0+USMxE+oj+ey/lJEnhZw75x/OMcQ==

cssfilter@0.0.10:
  version "0.0.10"
  resolved "https://registry.yarnpkg.com/cssfilter/-/cssfilter-0.0.10.tgz#c6d2672632a2e5c83e013e6864a42ce8defd20ae"
  integrity sha1-xtJnJjKi5cg+AT5oZKQs6N79IK4=

xss@^1.0.7:
  version "1.0.7"
  resolved "https://registry.yarnpkg.com/xss/-/xss-1.0.7.tgz#a554cbd5e909324bd6893fb47fff441ad54e2a95"
  integrity sha512-A9v7tblGvxu8TWXQC9rlpW96a+LN1lyw6wyhpTmmGW+FwRMactchBR3ROKSi33UPCUcUHSu8s9YP6F+K3Mw//w==
  dependencies:
    commander "^2.20.3"
    cssfilter "0.0.10"
